
Microsoft Visual Studio Solution File, Format Version 12.00
# Visual Studio Version 16
VisualStudioVersion = 16.0.31410.357
MinimumVisualStudioVersion = 10.0.40219.1
Project("{FAE04EC0-301F-11D3-BF4B-00C04F79EFBC}") = "ServicoGarcom", "ServicoGarcom\ServicoGarcom.csproj", "{0B03867A-B373-4C93-BD0D-F5D118046096}"
EndProject
Global
	GlobalSection(SolutionConfigurationPlatforms) = preSolution
		Debug|Any CPU = Debug|Any CPU
		Release|Any CPU = Release|Any CPU
	EndGlobalSection
	GlobalSection(ProjectConfigurationPlatforms) = postSolution
		{0B03867A-B373-4C93-BD0D-F5D118046096}.Debug|Any CPU.ActiveCfg = Debug|Any CPU
		{0B03867A-B373-4C93-BD0D-F5D118046096}.Debug|Any CPU.Build.0 = Debug|Any CPU
		{0B03867A-B373-4C93-BD0D-F5D118046096}.Release|Any CPU.ActiveCfg = Release|Any CPU
		{0B03867A-B373-4C93-BD0D-F5D118046096}.Release|Any CPU.Build.0 = Release|Any CPU
	EndGlobalSection
	GlobalSection(SolutionProperties) = preSolution
		HideSolutionNode = FALSE
	EndGlobalSection
	GlobalSection(ExtensibilityGlobals) = postSolution
		SolutionGuid = {A6D312D1-E90C-4AA2-AEF5-FAB9F089A36D}
	EndGlobalSection
EndGlobal
